
Microsoft Visual Studio Solution File, Format Version 12.00
# Visual Studio Version 16
VisualStudioVersion = 16.0.30804.86
MinimumVisualStudioVersion = 10.0.40219.1
Project("{FAE04EC0-301F-11D3-BF4B-00C04F79EFBC}") = "Orchestrate.API", "Orchestrate.API.csproj", "{98D7BB9A-4A8F-479F-8358-7758C4CF0B55}"
EndProject
Global
	GlobalSection(SolutionConfigurationPlatforms) = preSolution
		Debug|Any CPU = Debug|Any CPU
		Release|Any CPU = Release|Any CPU
	EndGlobalSection
	GlobalSection(ProjectConfigurationPlatforms) = postSolution
		{98D7BB9A-4A8F-479F-8358-7758C4CF0B55}.Debug|Any CPU.ActiveCfg = Debug|Any CPU
		{98D7BB9A-4A8F-479F-8358-7758C4CF0B55}.Debug|Any CPU.Build.0 = Debug|Any CPU
		{98D7BB9A-4A8F-479F-8358-7758C4CF0B55}.Release|Any CPU.ActiveCfg = Release|Any CPU
		{98D7BB9A-4A8F-479F-8358-7758C4CF0B55}.Release|Any CPU.Build.0 = Release|Any CPU
	EndGlobalSection
	GlobalSection(SolutionProperties) = preSolution
		HideSolutionNode = FALSE
	EndGlobalSection
	GlobalSection(ExtensibilityGlobals) = postSolution
		SolutionGuid = {ED4D2194-A1E5-45D3-95C5-717C88DC8FAF}
	EndGlobalSection
EndGlobal
